
Microsoft Visual Studio Solution File, Format Version 12.00
# Visual Studio 2012
Project("{D954291E-2A0B-460D-934E-DC6B0785DB48}") = "ControlTester", "ControlTester.shproj", "{C4BE2EFA-3D83-4637-B67A-F27186A8FEF4}"
EndProject
Project("{FAE04EC0-301F-11D3-BF4B-00C04F79EFBC}") = "ControlTester.iOS", "iOS\ControlTester.iOS.csproj", "{3B4EB7AA-7B97-49D0-B209-2C50251AB2F6}"
EndProject
Project("{FAE04EC0-301F-11D3-BF4B-00C04F79EFBC}") = "ControlTester.Droid", "Droid\ControlTester.Droid.csproj", "{1B36F1A5-CEF7-4DBF-BEC8-3A3EED3B1799}"
EndProject
Project("{FAE04EC0-301F-11D3-BF4B-00C04F79EFBC}") = "Sage.SageOne.SageOneMobile.Controls", "..\..\src\sageone_xamarin\Sage.SageOne.SageOneMobile.Controls\Sage.SageOne.SageOneMobile.Controls.csproj", "{962C8A96-3ADC-4FA9-8937-EB2C443F0DB0}"
EndProject
Global
	GlobalSection(SolutionConfigurationPlatforms) = preSolution
		Debug|iPhoneSimulator = Debug|iPhoneSimulator
		Release|iPhone = Release|iPhone
		Release|iPhoneSimulator = Release|iPhoneSimulator
		Debug|iPhone = Debug|iPhone
		Debug|Any CPU = Debug|Any CPU
		Release|Any CPU = Release|Any CPU
	EndGlobalSection
	GlobalSection(ProjectConfigurationPlatforms) = postSolution
		{1B36F1A5-CEF7-4DBF-BEC8-3A3EED3B1799}.Debug|Any CPU.ActiveCfg = Debug|Any CPU
		{1B36F1A5-CEF7-4DBF-BEC8-3A3EED3B1799}.Debug|Any CPU.Build.0 = Debug|Any CPU
		{1B36F1A5-CEF7-4DBF-BEC8-3A3EED3B1799}.Debug|iPhone.ActiveCfg = Debug|Any CPU
		{1B36F1A5-CEF7-4DBF-BEC8-3A3EED3B1799}.Debug|iPhone.Build.0 = Debug|Any CPU
		{1B36F1A5-CEF7-4DBF-BEC8-3A3EED3B1799}.Debug|iPhoneSimulator.ActiveCfg = Debug|Any CPU
		{1B36F1A5-CEF7-4DBF-BEC8-3A3EED3B1799}.Debug|iPhoneSimulator.Build.0 = Debug|Any CPU
		{1B36F1A5-CEF7-4DBF-BEC8-3A3EED3B1799}.Release|Any CPU.ActiveCfg = Release|Any CPU
		{1B36F1A5-CEF7-4DBF-BEC8-3A3EED3B1799}.Release|Any CPU.Build.0 = Release|Any CPU
		{1B36F1A5-CEF7-4DBF-BEC8-3A3EED3B1799}.Release|iPhone.ActiveCfg = Release|Any CPU
		{1B36F1A5-CEF7-4DBF-BEC8-3A3EED3B1799}.Release|iPhone.Build.0 = Release|Any CPU
		{1B36F1A5-CEF7-4DBF-BEC8-3A3EED3B1799}.Release|iPhoneSimulator.ActiveCfg = Release|Any CPU
		{1B36F1A5-CEF7-4DBF-BEC8-3A3EED3B1799}.Release|iPhoneSimulator.Build.0 = Release|Any CPU
		{3B4EB7AA-7B97-49D0-B209-2C50251AB2F6}.Debug|Any CPU.ActiveCfg = Debug|iPhoneSimulator
		{3B4EB7AA-7B97-49D0-B209-2C50251AB2F6}.Debug|Any CPU.Build.0 = Debug|iPhoneSimulator
		{3B4EB7AA-7B97-49D0-B209-2C50251AB2F6}.Debug|iPhone.ActiveCfg = Debug|iPhone
		{3B4EB7AA-7B97-49D0-B209-2C50251AB2F6}.Debug|iPhone.Build.0 = Debug|iPhone
		{3B4EB7AA-7B97-49D0-B209-2C50251AB2F6}.Debug|iPhoneSimulator.ActiveCfg = Debug|iPhoneSimulator
		{3B4EB7AA-7B97-49D0-B209-2C50251AB2F6}.Debug|iPhoneSimulator.Build.0 = Debug|iPhoneSimulator
		{3B4EB7AA-7B97-49D0-B209-2C50251AB2F6}.Release|Any CPU.ActiveCfg = Release|iPhone
		{3B4EB7AA-7B97-49D0-B209-2C50251AB2F6}.Release|Any CPU.Build.0 = Release|iPhone
		{3B4EB7AA-7B97-49D0-B209-2C50251AB2F6}.Release|iPhone.ActiveCfg = Release|iPhone
		{3B4EB7AA-7B97-49D0-B209-2C50251AB2F6}.Release|iPhone.Build.0 = Release|iPhone
		{3B4EB7AA-7B97-49D0-B209-2C50251AB2F6}.Release|iPhoneSimulator.ActiveCfg = Release|iPhoneSimulator
		{3B4EB7AA-7B97-49D0-B209-2C50251AB2F6}.Release|iPhoneSimulator.Build.0 = Release|iPhoneSimulator
		{962C8A96-3ADC-4FA9-8937-EB2C443F0DB0}.Debug|Any CPU.ActiveCfg = Debug|Any CPU
		{962C8A96-3ADC-4FA9-8937-EB2C443F0DB0}.Debug|Any CPU.Build.0 = Debug|Any CPU
		{962C8A96-3ADC-4FA9-8937-EB2C443F0DB0}.Debug|iPhone.ActiveCfg = Debug|Any CPU
		{962C8A96-3ADC-4FA9-8937-EB2C443F0DB0}.Debug|iPhone.Build.0 = Debug|Any CPU
		{962C8A96-3ADC-4FA9-8937-EB2C443F0DB0}.Debug|iPhoneSimulator.ActiveCfg = Debug|Any CPU
		{962C8A96-3ADC-4FA9-8937-EB2C443F0DB0}.Debug|iPhoneSimulator.Build.0 = Debug|Any CPU
		{962C8A96-3ADC-4FA9-8937-EB2C443F0DB0}.Release|Any CPU.ActiveCfg = Release|Any CPU
		{962C8A96-3ADC-4FA9-8937-EB2C443F0DB0}.Release|Any CPU.Build.0 = Release|Any CPU
		{962C8A96-3ADC-4FA9-8937-EB2C443F0DB0}.Release|iPhone.ActiveCfg = Release|Any CPU
		{962C8A96-3ADC-4FA9-8937-EB2C443F0DB0}.Release|iPhone.Build.0 = Release|Any CPU
		{962C8A96-3ADC-4FA9-8937-EB2C443F0DB0}.Release|iPhoneSimulator.ActiveCfg = Release|Any CPU
		{962C8A96-3ADC-4FA9-8937-EB2C443F0DB0}.Release|iPhoneSimulator.Build.0 = Release|Any CPU
	EndGlobalSection
EndGlobal
